
Microsoft Visual Studio Solution File, Format Version 12.00
# Visual Studio 14
VisualStudioVersion = 14.0.25420.1
MinimumVisualStudioVersion = 10.0.40219.1
Project("{FAE04EC0-301F-11D3-BF4B-00C04F79EFBC}") = "Unlimited Diag", "UnlimitedDiag\Unlimited Diag.csproj", "{BAED744D-B115-4EB2-8431-1F187C929C05}"
EndProject
Project("{FAE04EC0-301F-11D3-BF4B-00C04F79EFBC}") = "SAEDiagnostics", "SAEDiag\SAEDiagnostics.csproj", "{DBA67A7E-B4C3-444E-A67A-8D9EA1037343}"
EndProject
Project("{FAE04EC0-301F-11D3-BF4B-00C04F79EFBC}") = "J2534", "J2534\J2534.csproj", "{D99E0DE7-2F06-41E3-B33E-687E1B425A7F}"
EndProject
Project("{2150E333-8FDC-42A3-9474-1A3956D46DE8}") = "Utility Classes", "Utility Classes", "{192BC437-5867-4178-8687-A8E947B245EB}"
	ProjectSection(SolutionItems) = preProject
		Memory_Data.cs = Memory_Data.cs
		VirtualMemory.cs = VirtualMemory.cs
	EndProjectSection
EndProject
Project("{FAE04EC0-301F-11D3-BF4B-00C04F79EFBC}") = "Ford_Diagnostics", "FordDiagnostics\Ford_Diagnostics.csproj", "{DF14A6BB-1DFA-47D8-8593-AFA2A21ACAA4}"
EndProject
Project("{FAE04EC0-301F-11D3-BF4B-00C04F79EFBC}") = "RealtimeQueue", "RealtimeQueue\RealtimeQueue.csproj", "{4BE1DFFC-2A93-4AFF-A575-1F9292229AF6}"
EndProject
Global
	GlobalSection(SolutionConfigurationPlatforms) = preSolution
		Debug|Any CPU = Debug|Any CPU
		Release|Any CPU = Release|Any CPU
	EndGlobalSection
	GlobalSection(ProjectConfigurationPlatforms) = postSolution
		{BAED744D-B115-4EB2-8431-1F187C929C05}.Debug|Any CPU.ActiveCfg = Debug|Any CPU
		{BAED744D-B115-4EB2-8431-1F187C929C05}.Debug|Any CPU.Build.0 = Debug|Any CPU
		{BAED744D-B115-4EB2-8431-1F187C929C05}.Release|Any CPU.ActiveCfg = Release|Any CPU
		{BAED744D-B115-4EB2-8431-1F187C929C05}.Release|Any CPU.Build.0 = Release|Any CPU
		{DBA67A7E-B4C3-444E-A67A-8D9EA1037343}.Debug|Any CPU.ActiveCfg = Debug|Any CPU
		{DBA67A7E-B4C3-444E-A67A-8D9EA1037343}.Debug|Any CPU.Build.0 = Debug|Any CPU
		{DBA67A7E-B4C3-444E-A67A-8D9EA1037343}.Release|Any CPU.ActiveCfg = Release|Any CPU
		{DBA67A7E-B4C3-444E-A67A-8D9EA1037343}.Release|Any CPU.Build.0 = Release|Any CPU
		{D99E0DE7-2F06-41E3-B33E-687E1B425A7F}.Debug|Any CPU.ActiveCfg = Debug|Any CPU
		{D99E0DE7-2F06-41E3-B33E-687E1B425A7F}.Debug|Any CPU.Build.0 = Debug|Any CPU
		{D99E0DE7-2F06-41E3-B33E-687E1B425A7F}.Release|Any CPU.ActiveCfg = Release|Any CPU
		{D99E0DE7-2F06-41E3-B33E-687E1B425A7F}.Release|Any CPU.Build.0 = Release|Any CPU
		{DF14A6BB-1DFA-47D8-8593-AFA2A21ACAA4}.Debug|Any CPU.ActiveCfg = Debug|Any CPU
		{DF14A6BB-1DFA-47D8-8593-AFA2A21ACAA4}.Debug|Any CPU.Build.0 = Debug|Any CPU
		{DF14A6BB-1DFA-47D8-8593-AFA2A21ACAA4}.Release|Any CPU.ActiveCfg = Release|Any CPU
		{DF14A6BB-1DFA-47D8-8593-AFA2A21ACAA4}.Release|Any CPU.Build.0 = Release|Any CPU
		{4BE1DFFC-2A93-4AFF-A575-1F9292229AF6}.Debug|Any CPU.ActiveCfg = Debug|Any CPU
		{4BE1DFFC-2A93-4AFF-A575-1F9292229AF6}.Debug|Any CPU.Build.0 = Debug|Any CPU
		{4BE1DFFC-2A93-4AFF-A575-1F9292229AF6}.Release|Any CPU.ActiveCfg = Release|Any CPU
		{4BE1DFFC-2A93-4AFF-A575-1F9292229AF6}.Release|Any CPU.Build.0 = Release|Any CPU
	EndGlobalSection
	GlobalSection(SolutionProperties) = preSolution
		HideSolutionNode = FALSE
	EndGlobalSection
EndGlobal
